// !$*UTF8*$!
{
	archiveVersion = 1;
	classes = {
	};
	objectVersion = 46;
	objects = {

/* Begin PBXBuildFile section */
		4B90CE535831DF446121F3E2 /* Pods.framework in Frameworks */ = {isa = PBXBuildFile; fileRef = BBFA13AD3803D106A90934B6 /* Pods.framework */; };
		DE702B921C1F20BE001C842D /* AppDelegate.swift in Sources */ = {isa = PBXBuildFile; fileRef = DE702B911C1F20BD001C842D /* AppDelegate.swift */; };
		DE702B941C1F20BE001C842D /* ViewController.swift in Sources */ = {isa = PBXBuildFile; fileRef = DE702B931C1F20BE001C842D /* ViewController.swift */; };
		DE702B971C1F20BE001C842D /* Main.storyboard in Resources */ = {isa = PBXBuildFile; fileRef = DE702B951C1F20BE001C842D /* Main.storyboard */; };
		DE702B991C1F20BE001C842D /* Assets.xcassets in Resources */ = {isa = PBXBuildFile; fileRef = DE702B981C1F20BE001C842D /* Assets.xcassets */; };
		DE702B9C1C1F20BE001C842D /* LaunchScreen.storyboard in Resources */ = {isa = PBXBuildFile; fileRef = DE702B9A1C1F20BE001C842D /* LaunchScreen.storyboard */; };
		DE702BA71C1F20BE001C842D /* WebViewGraphOfSwiftTests.swift in Sources */ = {isa = PBXBuildFile; fileRef = DE702BA61C1F20BE001C842D /* WebViewGraphOfSwiftTests.swift */; };
		DE702BB21C1F20BE001C842D /* WebViewGraphOfSwiftUITests.swift in Sources */ = {isa = PBXBuildFile; fileRef = DE702BB11C1F20BE001C842D /* WebViewGraphOfSwiftUITests.swift */; };
		DEDAF2B21C21C90F00A3FFB6 /* AddController.swift in Sources */ = {isa = PBXBuildFile; fileRef = DEDAF2B11C21C90F00A3FFB6 /* AddController.swift */; };
		DEDAF2D81C22832100A3FFB6 /* GraphColorPattern.swift in Sources */ = {isa = PBXBuildFile; fileRef = DEDAF2D71C22832100A3FFB6 /* GraphColorPattern.swift */; };
		DEDAF2DA1C22849E00A3FFB6 /* GraphStatus.swift in Sources */ = {isa = PBXBuildFile; fileRef = DEDAF2D91C22849E00A3FFB6 /* GraphStatus.swift */; };
		DEDAF2DF1C22863800A3FFB6 /* ColorDefinition.swift in Sources */ = {isa = PBXBuildFile; fileRef = DEDAF2DE1C22863800A3FFB6 /* ColorDefinition.swift */; };
		DEDAF2E11C2286A900A3FFB6 /* FormValidator.swift in Sources */ = {isa = PBXBuildFile; fileRef = DEDAF2E01C2286A900A3FFB6 /* FormValidator.swift */; };
		DEDAF2E41C22892600A3FFB6 /* CalorieDataCell.swift in Sources */ = {isa = PBXBuildFile; fileRef = DEDAF2E21C22892600A3FFB6 /* CalorieDataCell.swift */; };
		DEDAF2E51C22892600A3FFB6 /* CalorieDataCell.xib in Resources */ = {isa = PBXBuildFile; fileRef = DEDAF2E31C22892600A3FFB6 /* CalorieDataCell.xib */; };
		DEDAF2E71C22AA4500A3FFB6 /* Calorie.swift in Sources */ = {isa = PBXBuildFile; fileRef = DEDAF2E61C22AA4500A3FFB6 /* Calorie.swift */; };
/* End PBXBuildFile section */

/* Begin PBXContainerItemProxy section */
		DE702BA31C1F20BE001C842D /* PBXContainerItemProxy */ = {
			isa = PBXContainerItemProxy;
			containerPortal = DE702B861C1F20BD001C842D /* Project object */;
			proxyType = 1;
			remoteGlobalIDString = DE702B8D1C1F20BD001C842D;
			remoteInfo = WebViewGraphOfSwift;
		};
		DE702BAE1C1F20BE001C842D /* PBXContainerItemProxy */ = {
			isa = PBXContainerItemProxy;
			containerPortal = DE702B861C1F20BD001C842D /* Project object */;
			proxyType = 1;
			remoteGlobalIDString = DE702B8D1C1F20BD001C842D;
			remoteInfo = WebViewGraphOfSwift;
		};
/* End PBXContainerItemProxy section */

/* Begin PBXFileReference section */
		50A0458B9CE3DDC16716AAAA /* Pods.debug.xcconfig */ = {isa = PBXFileReference; includeInIndex = 1; lastKnownFileType = text.xcconfig; name = Pods.debug.xcconfig; path = "Pods/Target Support Files/Pods/Pods.debug.xcconfig"; sourceTree = "<group>"; };
		872ABD432AAD289E90B6347E /* Pods.release.xcconfig */ = {isa = PBXFileReference; includeInIndex = 1; lastKnownFileType = text.xcconfig; name = Pods.release.xcconfig; path = "Pods/Target Support Files/Pods/Pods.release.xcconfig"; sourceTree = "<group>"; };
		BBFA13AD3803D106A90934B6 /* Pods.framework */ = {isa = PBXFileReference; explicitFileType = wrapper.framework; includeInIndex = 0; path = Pods.framework; sourceTree = BUILT_PRODUCTS_DIR; };
		DE702B8E1C1F20BD001C842D /* WebViewGraphOfSwift.app */ = {isa = PBXFileReference; explicitFileType = wrapper.application; includeInIndex = 0; path = WebViewGraphOfSwift.app; sourceTree = BUILT_PRODUCTS_DIR; };
		DE702B911C1F20BD001C842D /* AppDelegate.swift */ = {isa = PBXFileReference; lastKnownFileType = sourcecode.swift; path = AppDelegate.swift; sourceTree = "<group>"; };
		DE702B931C1F20BE001C842D /* ViewController.swift */ = {isa = PBXFileReference; lastKnownFileType = sourcecode.swift; path = ViewController.swift; sourceTree = "<group>"; };
		DE702B961C1F20BE001C842D /* Base */ = {isa = PBXFileReference; lastKnownFileType = file.storyboard; name = Base; path = Base.lproj/Main.storyboard; sourceTree = "<group>"; };
		DE702B981C1F20BE001C842D /* Assets.xcassets */ = {isa = PBXFileReference; lastKnownFileType = folder.assetcatalog; path = Assets.xcassets; sourceTree = "<group>"; };
		DE702B9B1C1F20BE001C842D /* Base */ = {isa = PBXFileReference; lastKnownFileType = file.storyboard; name = Base; path = Base.lproj/LaunchScreen.storyboard; sourceTree = "<group>"; };
		DE702B9D1C1F20BE001C842D /* Info.plist */ = {isa = PBXFileReference; lastKnownFileType = text.plist.xml; path = Info.plist; sourceTree = "<group>"; };
		DE702BA21C1F20BE001C842D /* WebViewGraphOfSwiftTests.xctest */ = {isa = PBXFileReference; explicitFileType = wrapper.cfbundle; includeInIndex = 0; path = WebViewGraphOfSwiftTests.xctest; sourceTree = BUILT_PRODUCTS_DIR; };
		DE702BA61C1F20BE001C842D /* WebViewGraphOfSwiftTests.swift */ = {isa = PBXFileReference; lastKnownFileType = sourcecode.swift; path = WebViewGraphOfSwiftTests.swift; sourceTree = "<group>"; };
		DE702BA81C1F20BE001C842D /* Info.plist */ = {isa = PBXFileReference; lastKnownFileType = text.plist.xml; path = Info.plist; sourceTree = "<group>"; };
		DE702BAD1C1F20BE001C842D /* WebViewGraphOfSwiftUITests.xctest */ = {isa = PBXFileReference; explicitFileType = wrapper.cfbundle; includeInIndex = 0; path = WebViewGraphOfSwiftUITests.xctest; sourceTree = BUILT_PRODUCTS_DIR; };
		DE702BB11C1F20BE001C842D /* WebViewGraphOfSwiftUITests.swift */ = {isa = PBXFileReference; lastKnownFileType = sourcecode.swift; path = WebViewGraphOfSwiftUITests.swift; sourceTree = "<group>"; };
		DE702BB31C1F20BE001C842D /* Info.plist */ = {isa = PBXFileReference; lastKnownFileType = text.plist.xml; path = Info.plist; sourceTree = "<group>"; };
		DEDAF2B11C21C90F00A3FFB6 /* AddController.swift */ = {isa = PBXFileReference; fileEncoding = 4; lastKnownFileType = sourcecode.swift; path = AddController.swift; sourceTree = "<group>"; };
		DEDAF2D71C22832100A3FFB6 /* GraphColorPattern.swift */ = {isa = PBXFileReference; fileEncoding = 4; lastKnownFileType = sourcecode.swift; path = GraphColorPattern.swift; sourceTree = "<group>"; };
		DEDAF2D91C22849E00A3FFB6 /* GraphStatus.swift */ = {isa = PBXFileReference; fileEncoding = 4; lastKnownFileType = sourcecode.swift; path = GraphStatus.swift; sourceTree = "<group>"; };
		DEDAF2DE1C22863800A3FFB6 /* ColorDefinition.swift */ = {isa = PBXFileReference; fileEncoding = 4; lastKnownFileType = sourcecode.swift; path = ColorDefinition.swift; sourceTree = "<group>"; };
		DEDAF2E01C2286A900A3FFB6 /* FormValidator.swift */ = {isa = PBXFileReference; fileEncoding = 4; lastKnownFileType = sourcecode.swift; path = FormValidator.swift; sourceTree = "<group>"; };
		DEDAF2E21C22892600A3FFB6 /* CalorieDataCell.swift */ = {isa = PBXFileReference; fileEncoding = 4; lastKnownFileType = sourcecode.swift; path = CalorieDataCell.swift; sourceTree = "<group>"; };
		DEDAF2E31C22892600A3FFB6 /* CalorieDataCell.xib */ = {isa = PBXFileReference; fileEncoding = 4; lastKnownFileType = file.xib; path = CalorieDataCell.xib; sourceTree = "<group>"; };
		DEDAF2E61C22AA4500A3FFB6 /* Calorie.swift */ = {isa = PBXFileReference; fileEncoding = 4; lastKnownFileType = sourcecode.swift; path = Calorie.swift; sourceTree = "<group>"; };
/* End PBXFileReference section */

/* Begin PBXFrameworksBuildPhase section */
		DE702B8B1C1F20BD001C842D /* Frameworks */ = {
			isa = PBXFrameworksBuildPhase;
			buildActionMask = 2147483647;
			files = (
				4B90CE535831DF446121F3E2 /* Pods.framework in Frameworks */,
			);
			runOnlyForDeploymentPostprocessing = 0;
		};
		DE702B9F1C1F20BE001C842D /* Frameworks */ = {
			isa = PBXFrameworksBuildPhase;
			buildActionMask = 2147483647;
			files = (
			);
			runOnlyForDeploymentPostprocessing = 0;
		};
		DE702BAA1C1F20BE001C842D /* Frameworks */ = {
			isa = PBXFrameworksBuildPhase;
			buildActionMask = 2147483647;
			files = (
			);
			runOnlyForDeploymentPostprocessing = 0;
		};
/* End PBXFrameworksBuildPhase section */

/* Begin PBXGroup section */
		712B5339C5CAB08CE539E89A /* Frameworks */ = {
			isa = PBXGroup;
			children = (
				BBFA13AD3803D106A90934B6 /* Pods.framework */,
			);
			name = Frameworks;
			sourceTree = "<group>";
		};
		DE702B851C1F20BD001C842D = {
			isa = PBXGroup;
			children = (
				DE702B901C1F20BD001C842D /* WebViewGraphOfSwift */,
				DE702BA51C1F20BE001C842D /* WebViewGraphOfSwiftTests */,
				DE702BB01C1F20BE001C842D /* WebViewGraphOfSwiftUITests */,
				DE702B8F1C1F20BD001C842D /* Products */,
				E4AE566E493235C547776653 /* Pods */,
				712B5339C5CAB08CE539E89A /* Frameworks */,
			);
			sourceTree = "<group>";
		};
		DE702B8F1C1F20BD001C842D /* Products */ = {
			isa = PBXGroup;
			children = (
				DE702B8E1C1F20BD001C842D /* WebViewGraphOfSwift.app */,
				DE702BA21C1F20BE001C842D /* WebViewGraphOfSwiftTests.xctest */,
				DE702BAD1C1F20BE001C842D /* WebViewGraphOfSwiftUITests.xctest */,
			);
			name = Products;
			sourceTree = "<group>";
		};
		DE702B901C1F20BD001C842D /* WebViewGraphOfSwift */ = {
			isa = PBXGroup;
			children = (
				DEDAF2DD1C22860200A3FFB6 /* Components */,
				DEDAF2DC1C2285F300A3FFB6 /* Libraries */,
				DEDAF2DB1C2285E800A3FFB6 /* Models */,
				DEDAF2D51C22829B00A3FFB6 /* Constants */,
				DE702B911C1F20BD001C842D /* AppDelegate.swift */,
				DE702B931C1F20BE001C842D /* ViewController.swift */,
				DEDAF2B11C21C90F00A3FFB6 /* AddController.swift */,
				DE702B951C1F20BE001C842D /* Main.storyboard */,
				DE702B981C1F20BE001C842D /* Assets.xcassets */,
				DE702B9A1C1F20BE001C842D /* LaunchScreen.storyboard */,
				DE702B9D1C1F20BE001C842D /* Info.plist */,
			);
			path = WebViewGraphOfSwift;
			sourceTree = "<group>";
		};
		DE702BA51C1F20BE001C842D /* WebViewGraphOfSwiftTests */ = {
			isa = PBXGroup;
			children = (
				DE702BA61C1F20BE001C842D /* WebViewGraphOfSwiftTests.swift */,
				DE702BA81C1F20BE001C842D /* Info.plist */,
			);
			path = WebViewGraphOfSwiftTests;
			sourceTree = "<group>";
		};
		DE702BB01C1F20BE001C842D /* WebViewGraphOfSwiftUITests */ = {
			isa = PBXGroup;
			children = (
				DE702BB11C1F20BE001C842D /* WebViewGraphOfSwiftUITests.swift */,
				DE702BB31C1F20BE001C842D /* Info.plist */,
			);
			path = WebViewGraphOfSwiftUITests;
			sourceTree = "<group>";
		};
		DEDAF2D51C22829B00A3FFB6 /* Constants */ = {
			isa = PBXGroup;
			children = (
				DEDAF2D71C22832100A3FFB6 /* GraphColorPattern.swift */,
				DEDAF2D91C22849E00A3FFB6 /* GraphStatus.swift */,
			);
			name = Constants;
			sourceTree = "<group>";
		};
		DEDAF2DB1C2285E800A3FFB6 /* Models */ = {
			isa = PBXGroup;
			children = (
				DEDAF2E61C22AA4500A3FFB6 /* Calorie.swift */,
			);
			name = Models;
			sourceTree = "<group>";
		};
		DEDAF2DC1C2285F300A3FFB6 /* Libraries */ = {
			isa = PBXGroup;
			children = (
				DEDAF2DE1C22863800A3FFB6 /* ColorDefinition.swift */,
				DEDAF2E01C2286A900A3FFB6 /* FormValidator.swift */,
			);
			name = Libraries;
			sourceTree = "<group>";
		};
		DEDAF2DD1C22860200A3FFB6 /* Components */ = {
			isa = PBXGroup;
			children = (
				DEDAF2E21C22892600A3FFB6 /* CalorieDataCell.swift */,
				DEDAF2E31C22892600A3FFB6 /* CalorieDataCell.xib */,
			);
			name = Components;
			sourceTree = "<group>";
		};
		E4AE566E493235C547776653 /* Pods */ = {
			isa = PBXGroup;
			children = (
				50A0458B9CE3DDC16716AAAA /* Pods.debug.xcconfig */,
				872ABD432AAD289E90B6347E /* Pods.release.xcconfig */,
			);
			name = Pods;
			sourceTree = "<group>";
		};
/* End PBXGroup section */

/* Begin PBXNativeTarget section */
		DE702B8D1C1F20BD001C842D /* WebViewGraphOfSwift */ = {
			isa = PBXNativeTarget;
			buildConfigurationList = DE702BB61C1F20BE001C842D /* Build configuration list for PBXNativeTarget "WebViewGraphOfSwift" */;
			buildPhases = (
				E7C853957A20B0C4ECA30873 /* Check Pods Manifest.lock */,
				DE702B8A1C1F20BD001C842D /* Sources */,
				DE702B8B1C1F20BD001C842D /* Frameworks */,
				DE702B8C1C1F20BD001C842D /* Resources */,
				BDDC162E680AC569D9E25341 /* Embed Pods Frameworks */,
				F95D6C1C3F16E8769A9B9C48 /* Copy Pods Resources */,
			);
			buildRules = (
			);
			dependencies = (
			);
			name = WebViewGraphOfSwift;
			productName = WebViewGraphOfSwift;
			productReference = DE702B8E1C1F20BD001C842D /* WebViewGraphOfSwift.app */;
			productType = "com.apple.product-type.application";
		};
		DE702BA11C1F20BE001C842D /* WebViewGraphOfSwiftTests */ = {
			isa = PBXNativeTarget;
			buildConfigurationList = DE702BB91C1F20BE001C842D /* Build configuration list for PBXNativeTarget "WebViewGraphOfSwiftTests" */;
			buildPhases = (
				DE702B9E1C1F20BE001C842D /* Sources */,
				DE702B9F1C1F20BE001C842D /* Frameworks */,
				DE702BA01C1F20BE001C842D /* Resources */,
			);
			buildRules = (
			);
			dependencies = (
				DE702BA41C1F20BE001C842D /* PBXTargetDependency */,
			);
			name = WebViewGraphOfSwiftTests;
			productName = WebViewGraphOfSwiftTests;
			productReference = DE702BA21C1F20BE001C842D /* WebViewGraphOfSwiftTests.xctest */;
			productType = "com.apple.product-type.bundle.unit-test";
		};
		DE702BAC1C1F20BE001C842D /* WebViewGraphOfSwiftUITests */ = {
			isa = PBXNativeTarget;
			buildConfigurationList = DE702BBC1C1F20BE001C842D /* Build configuration list for PBXNativeTarget "WebViewGraphOfSwiftUITests" */;
			buildPhases = (
				DE702BA91C1F20BE001C842D /* Sources */,
				DE702BAA1C1F20BE001C842D /* Frameworks */,
				DE702BAB1C1F20BE001C842D /* Resources */,
			);
			buildRules = (
			);
			dependencies = (
				DE702BAF1C1F20BE001C842D /* PBXTargetDependency */,
			);
			name = WebViewGraphOfSwiftUITests;
			productName = WebViewGraphOfSwiftUITests;
			productReference = DE702BAD1C1F20BE001C842D /* WebViewGraphOfSwiftUITests.xctest */;
			productType = "com.apple.product-type.bundle.ui-testing";
		};
/* End PBXNativeTarget section */

/* Begin PBXProject section */
		DE702B861C1F20BD001C842D /* Project object */ = {
			isa = PBXProject;
			attributes = {
				LastSwiftUpdateCheck = 0720;
				LastUpgradeCheck = 0720;
				ORGANIZATIONNAME = just1factory;
				TargetAttributes = {
					DE702B8D1C1F20BD001C842D = {
						CreatedOnToolsVersion = 7.2;
					};
					DE702BA11C1F20BE001C842D = {
						CreatedOnToolsVersion = 7.2;
						TestTargetID = DE702B8D1C1F20BD001C842D;
					};
					DE702BAC1C1F20BE001C842D = {
						CreatedOnToolsVersion = 7.2;
						TestTargetID = DE702B8D1C1F20BD001C842D;
					};
				};
			};
			buildConfigurationList = DE702B891C1F20BD001C842D /* Build configuration list for PBXProject "WebViewGraphOfSwift" */;
			compatibilityVersion = "Xcode 3.2";
			developmentRegion = English;
			hasScannedForEncodings = 0;
			knownRegions = (
				en,
				Base,
			);
			mainGroup = DE702B851C1F20BD001C842D;
			productRefGroup = DE702B8F1C1F20BD001C842D /* Products */;
			projectDirPath = "";
			projectRoot = "";
			targets = (
				DE702B8D1C1F20BD001C842D /* WebViewGraphOfSwift */,
				DE702BA11C1F20BE001C842D /* WebViewGraphOfSwiftTests */,
				DE702BAC1C1F20BE001C842D /* WebViewGraphOfSwiftUITests */,
			);
		};
/* End PBXProject section */

/* Begin PBXResourcesBuildPhase section */
		DE702B8C1C1F20BD001C842D /* Resources */ = {
			isa = PBXResourcesBuildPhase;
			buildActionMask = 2147483647;
			files = (
				DE702B9C1C1F20BE001C842D /* LaunchScreen.storyboard in Resources */,
				DEDAF2E51C22892600A3FFB6 /* CalorieDataCell.xib in Resources */,
				DE702B991C1F20BE001C842D /* Assets.xcassets in Resources */,
				DE702B971C1F20BE001C842D /* Main.storyboard in Resources */,
			);
			runOnlyForDeploymentPostprocessing = 0;
		};
		DE702BA01C1F20BE001C842D /* Resources */ = {
			isa = PBXResourcesBuildPhase;
			buildActionMask = 2147483647;
			files = (
			);
			runOnlyForDeploymentPostprocessing = 0;
		};
		DE702BAB1C1F20BE001C842D /* Resources */ = {
			isa = PBXResourcesBuildPhase;
			buildActionMask = 2147483647;
			files = (
			);
			runOnlyForDeploymentPostprocessing = 0;
		};
/* End PBXResourcesBuildPhase section */

/* Begin PBXShellScriptBuildPhase section */
		BDDC162E680AC569D9E25341 /* Embed Pods Frameworks */ = {
			isa = PBXShellScriptBuildPhase;
			buildActionMask = 2147483647;
			files = (
			);
			inputPaths = (
			);
			name = "Embed Pods Frameworks";
			outputPaths = (
			);
			runOnlyForDeploymentPostprocessing = 0;
			shellPath = /bin/sh;
			shellScript = "\"${SRCROOT}/Pods/Target Support Files/Pods/Pods-frameworks.sh\"\n";
			showEnvVarsInLog = 0;
		};
		E7C853957A20B0C4ECA30873 /* Check Pods Manifest.lock */ = {
			isa = PBXShellScriptBuildPhase;
			buildActionMask = 2147483647;
			files = (
			);
			inputPaths = (
			);
			name = "Check Pods Manifest.lock";
			outputPaths = (
			);
			runOnlyForDeploymentPostprocessing = 0;
			shellPath = /bin/sh;
			shellScript = "diff \"${PODS_ROOT}/../Podfile.lock\" \"${PODS_ROOT}/Manifest.lock\" > /dev/null\nif [[ $? != 0 ]] ; then\n    cat << EOM\nerror: The sandbox is not in sync with the Podfile.lock. Run 'pod install' or update your CocoaPods installation.\nEOM\n    exit 1\nfi\n";
			showEnvVarsInLog = 0;
		};
		F95D6C1C3F16E8769A9B9C48 /* Copy Pods Resources */ = {
			isa = PBXShellScriptBuildPhase;
			buildActionMask = 2147483647;
			files = (
			);
			inputPaths = (
			);
			name = "Copy Pods Resources";
			outputPaths = (
			);
			runOnlyForDeploymentPostprocessing = 0;
			shellPath = /bin/sh;
			shellScript = "\"${SRCROOT}/Pods/Target Support Files/Pods/Pods-resources.sh\"\n";
			showEnvVarsInLog = 0;
		};
/* End PBXShellScriptBuildPhase section */

/* Begin PBXSourcesBuildPhase section */
		DE702B8A1C1F20BD001C842D /* Sources */ = {
			isa = PBXSourcesBuildPhase;
			buildActionMask = 2147483647;
			files = (
				DEDAF2E11C2286A900A3FFB6 /* FormValidator.swift in Sources */,
				DEDAF2E41C22892600A3FFB6 /* CalorieDataCell.swift in Sources */,
				DEDAF2B21C21C90F00A3FFB6 /* AddController.swift in Sources */,
				DEDAF2D81C22832100A3FFB6 /* GraphColorPattern.swift in Sources */,
				DEDAF2DF1C22863800A3FFB6 /* ColorDefinition.swift in Sources */,
				DE702B941C1F20BE001C842D /* ViewController.swift in Sources */,
				DEDAF2E71C22AA4500A3FFB6 /* Calorie.swift in Sources */,
				DE702B921C1F20BE001C842D /* AppDelegate.swift in Sources */,
				DEDAF2DA1C22849E00A3FFB6 /* GraphStatus.swift in Sources */,
			);
			runOnlyForDeploymentPostprocessing = 0;
		};
		DE702B9E1C1F20BE001C842D /* Sources */ = {
			isa = PBXSourcesBuildPhase;
			buildActionMask = 2147483647;
			files = (
				DE702BA71C1F20BE001C842D /* WebViewGraphOfSwiftTests.swift in Sources */,
			);
			runOnlyForDeploymentPostprocessing = 0;
		};
		DE702BA91C1F20BE001C842D /* Sources */ = {
			isa = PBXSourcesBuildPhase;
			buildActionMask = 2147483647;
			files = (
				DE702BB21C1F20BE001C842D /* WebViewGraphOfSwiftUITests.swift in Sources */,
			);
			runOnlyForDeploymentPostprocessing = 0;
		};
/* End PBXSourcesBuildPhase section */

/* Begin PBXTargetDependency section */
		DE702BA41C1F20BE001C842D /* PBXTargetDependency */ = {
			isa = PBXTargetDependency;
			target = DE702B8D1C1F20BD001C842D /* WebViewGraphOfSwift */;
			targetProxy = DE702BA31C1F20BE001C842D /* PBXContainerItemProxy */;
		};
		DE702BAF1C1F20BE001C842D /* PBXTargetDependency */ = {
			isa = PBXTargetDependency;
			target = DE702B8D1C1F20BD001C842D /* WebViewGraphOfSwift */;
			targetProxy = DE702BAE1C1F20BE001C842D /* PBXContainerItemProxy */;
		};
/* End PBXTargetDependency section */

/* Begin PBXVariantGroup section */
		DE702B951C1F20BE001C842D /* Main.storyboard */ = {
			isa = PBXVariantGroup;
			children = (
				DE702B961C1F20BE001C842D /* Base */,
			);
			name = Main.storyboard;
			sourceTree = "<group>";
		};
		DE702B9A1C1F20BE001C842D /* LaunchScreen.storyboard */ = {
			isa = PBXVariantGroup;
			children = (
				DE702B9B1C1F20BE001C842D /* Base */,
			);
			name = LaunchScreen.storyboard;
			sourceTree = "<group>";
		};
/* End PBXVariantGroup section */

/* Begin XCBuildConfiguration section */
		DE702BB41C1F20BE001C842D /* Debug */ = {
			isa = XCBuildConfiguration;
			buildSettings = {
				ALWAYS_SEARCH_USER_PATHS = NO;
				CLANG_CXX_LANGUAGE_STANDARD = "gnu++0x";
				CLANG_CXX_LIBRARY = "libc++";
				CLANG_ENABLE_MODULES = YES;
				CLANG_ENABLE_OBJC_ARC = YES;
				CLANG_WARN_BOOL_CONVERSION = YES;
				CLANG_WARN_CONSTANT_CONVERSION = YES;
				CLANG_WARN_DIRECT_OBJC_ISA_USAGE = YES_ERROR;
				CLANG_WARN_EMPTY_BODY = YES;
				CLANG_WARN_ENUM_CONVERSION = YES;
				CLANG_WARN_INT_CONVERSION = YES;
				CLANG_WARN_OBJC_ROOT_CLASS = YES_ERROR;
				CLANG_WARN_UNREACHABLE_CODE = YES;
				CLANG_WARN__DUPLICATE_METHOD_MATCH = YES;
				"CODE_SIGN_IDENTITY[sdk=iphoneos*]" = "iPhone Developer";
				COPY_PHASE_STRIP = NO;
				DEBUG_INFORMATION_FORMAT = dwarf;
				ENABLE_STRICT_OBJC_MSGSEND = YES;
				ENABLE_TESTABILITY = YES;
				GCC_C_LANGUAGE_STANDARD = gnu99;
				GCC_DYNAMIC_NO_PIC = NO;
				GCC_NO_COMMON_BLOCKS = YES;
				GCC_OPTIMIZATION_LEVEL = 0;
				GCC_PREPROCESSOR_DEFINITIONS = (
					"DEBUG=1",
					"$(inherited)",
				);
				GCC_WARN_64_TO_32_BIT_CONVERSION = YES;
				GCC_WARN_ABOUT_RETURN_TYPE = YES_ERROR;
				GCC_WARN_UNDECLARED_SELECTOR = YES;
				GCC_WARN_UNINITIALIZED_AUTOS = YES_AGGRESSIVE;
				GCC_WARN_UNUSED_FUNCTION = YES;
				GCC_WARN_UNUSED_VARIABLE = YES;
				IPHONEOS_DEPLOYMENT_TARGET = 9.2;
				MTL_ENABLE_DEBUG_INFO = YES;
				ONLY_ACTIVE_ARCH = YES;
				SDKROOT = iphoneos;
				SWIFT_OPTIMIZATION_LEVEL = "-Onone";
			};
			name = Debug;
		};
		DE702BB51C1F20BE001C842D /* Release */ = {
			isa = XCBuildConfiguration;
			buildSettings = {
				ALWAYS_SEARCH_USER_PATHS = NO;
				CLANG_CXX_LANGUAGE_STANDARD = "gnu++0x";
				CLANG_CXX_LIBRARY = "libc++";
				CLANG_ENABLE_MODULES = YES;
				CLANG_ENABLE_OBJC_ARC = YES;
				CLANG_WARN_BOOL_CONVERSION = YES;
				CLANG_WARN_CONSTANT_CONVERSION = YES;
				CLANG_WARN_DIRECT_OBJC_ISA_USAGE = YES_ERROR;
				CLANG_WARN_EMPTY_BODY = YES;
				CLANG_WARN_ENUM_CONVERSION = YES;
				CLANG_WARN_INT_CONVERSION = YES;
				CLANG_WARN_OBJC_ROOT_CLASS = YES_ERROR;
				CLANG_WARN_UNREACHABLE_CODE = YES;
				CLANG_WARN__DUPLICATE_METHOD_MATCH = YES;
				"CODE_SIGN_IDENTITY[sdk=iphoneos*]" = "iPhone Developer";
				COPY_PHASE_STRIP = NO;
				DEBUG_INFORMATION_FORMAT = "dwarf-with-dsym";
				ENABLE_NS_ASSERTIONS = NO;
				ENABLE_STRICT_OBJC_MSGSEND = YES;
				GCC_C_LANGUAGE_STANDARD = gnu99;
				GCC_NO_COMMON_BLOCKS = YES;
				GCC_WARN_64_TO_32_BIT_CONVERSION = YES;
				GCC_WARN_ABOUT_RETURN_TYPE = YES_ERROR;
				GCC_WARN_UNDECLARED_SELECTOR = YES;
				GCC_WARN_UNINITIALIZED_AUTOS = YES_AGGRESSIVE;
				GCC_WARN_UNUSED_FUNCTION = YES;
				GCC_WARN_UNUSED_VARIABLE = YES;
				IPHONEOS_DEPLOYMENT_TARGET = 9.2;
				MTL_ENABLE_DEBUG_INFO = NO;
				SDKROOT = iphoneos;
				VALIDATE_PRODUCT = YES;
			};
			name = Release;
		};
		DE702BB71C1F20BE001C842D /* Debug */ = {
			isa = XCBuildConfiguration;
			baseConfigurationReference = 50A0458B9CE3DDC16716AAAA /* Pods.debug.xcconfig */;
			buildSettings = {
				ASSETCATALOG_COMPILER_APPICON_NAME = AppIcon;
				INFOPLIST_FILE = WebViewGraphOfSwift/Info.plist;
				LD_RUNPATH_SEARCH_PATHS = "$(inherited) @executable_path/Frameworks";
				PRODUCT_BUNDLE_IDENTIFIER = net.just1factory.WebViewGraphOfSwift;
				PRODUCT_NAME = "$(TARGET_NAME)";
			};
			name = Debug;
		};
		DE702BB81C1F20BE001C842D /* Release */ = {
			isa = XCBuildConfiguration;
			baseConfigurationReference = 872ABD432AAD289E90B6347E /* Pods.release.xcconfig */;
			buildSettings = {
				ASSETCATALOG_COMPILER_APPICON_NAME = AppIcon;
				INFOPLIST_FILE = WebViewGraphOfSwift/Info.plist;
				LD_RUNPATH_SEARCH_PATHS = "$(inherited) @executable_path/Frameworks";
				PRODUCT_BUNDLE_IDENTIFIER = net.just1factory.WebViewGraphOfSwift;
				PRODUCT_NAME = "$(TARGET_NAME)";
			};
			name = Release;
		};
		DE702BBA1C1F20BE001C842D /* Debug */ = {
			isa = XCBuildConfiguration;
			buildSettings = {
				BUNDLE_LOADER = "$(TEST_HOST)";
				INFOPLIST_FILE = WebViewGraphOfSwiftTests/Info.plist;
				LD_RUNPATH_SEARCH_PATHS = "$(inherited) @executable_path/Frameworks @loader_path/Frameworks";
				PRODUCT_BUNDLE_IDENTIFIER = net.just1factory.WebViewGraphOfSwiftTests;
				PRODUCT_NAME = "$(TARGET_NAME)";
				TEST_HOST = "$(BUILT_PRODUCTS_DIR)/WebViewGraphOfSwift.app/WebViewGraphOfSwift";
			};
			name = Debug;
		};
		DE702BBB1C1F20BE001C842D /* Release */ = {
			isa = XCBuildConfiguration;
			buildSettings = {
				BUNDLE_LOADER = "$(TEST_HOST)";
				INFOPLIST_FILE = WebViewGraphOfSwiftTests/Info.plist;
				LD_RUNPATH_SEARCH_PATHS = "$(inherited) @executable_path/Frameworks @loader_path/Frameworks";
				PRODUCT_BUNDLE_IDENTIFIER = net.just1factory.WebViewGraphOfSwiftTests;
				PRODUCT_NAME = "$(TARGET_NAME)";
				TEST_HOST = "$(BUILT_PRODUCTS_DIR)/WebViewGraphOfSwift.app/WebViewGraphOfSwift";
			};
			name = Release;
		};
		DE702BBD1C1F20BE001C842D /* Debug */ = {
			isa = XCBuildConfiguration;
			buildSettings = {
				INFOPLIST_FILE = WebViewGraphOfSwiftUITests/Info.plist;
				LD_RUNPATH_SEARCH_PATHS = "$(inherited) @executable_path/Frameworks @loader_path/Frameworks";
				PRODUCT_BUNDLE_IDENTIFIER = net.just1factory.WebViewGraphOfSwiftUITests;
				PRODUCT_NAME = "$(TARGET_NAME)";
				TEST_TARGET_NAME = WebViewGraphOfSwift;
				USES_XCTRUNNER = YES;
			};
			name = Debug;
		};
		DE702BBE1C1F20BE001C842D /* Release */ = {
			isa = XCBuildConfiguration;
			buildSettings = {
				INFOPLIST_FILE = WebViewGraphOfSwiftUITests/Info.plist;
				LD_RUNPATH_SEARCH_PATHS = "$(inherited) @executable_path/Frameworks @loader_path/Frameworks";
				PRODUCT_BUNDLE_IDENTIFIER = net.just1factory.WebViewGraphOfSwiftUITests;
				PRODUCT_NAME = "$(TARGET_NAME)";
				TEST_TARGET_NAME = WebViewGraphOfSwift;
				USES_XCTRUNNER = YES;
			};
			name = Release;
		};
/* End XCBuildConfiguration section */

/* Begin XCConfigurationList section */
		DE702B891C1F20BD001C842D /* Build configuration list for PBXProject "WebViewGraphOfSwift" */ = {
			isa = XCConfigurationList;
			buildConfigurations = (
				DE702BB41C1F20BE001C842D /* Debug */,
				DE702BB51C1F20BE001C842D /* Release */,
			);
			defaultConfigurationIsVisible = 0;
			defaultConfigurationName = Release;
		};
		DE702BB61C1F20BE001C842D /* Build configuration list for PBXNativeTarget "WebViewGraphOfSwift" */ = {
			isa = XCConfigurationList;
			buildConfigurations = (
				DE702BB71C1F20BE001C842D /* Debug */,
				DE702BB81C1F20BE001C842D /* Release */,
			);
			defaultConfigurationIsVisible = 0;
			defaultConfigurationName = Release;
		};
		DE702BB91C1F20BE001C842D /* Build configuration list for PBXNativeTarget "WebViewGraphOfSwiftTests" */ = {
			isa = XCConfigurationList;
			buildConfigurations = (
				DE702BBA1C1F20BE001C842D /* Debug */,
				DE702BBB1C1F20BE001C842D /* Release */,
			);
			defaultConfigurationIsVisible = 0;
			defaultConfigurationName = Release;
		};
		DE702BBC1C1F20BE001C842D /* Build configuration list for PBXNativeTarget "WebViewGraphOfSwiftUITests" */ = {
			isa = XCConfigurationList;
			buildConfigurations = (
				DE702BBD1C1F20BE001C842D /* Debug */,
				DE702BBE1C1F20BE001C842D /* Release */,
			);
			defaultConfigurationIsVisible = 0;
			defaultConfigurationName = Release;
		};
/* End XCConfigurationList section */
	};
	rootObject = DE702B861C1F20BD001C842D /* Project object */;
}
